// !$*UTF8*$!
{
	archiveVersion = 1;
	classes = {
	};
	objectVersion = 55;
	objects = {

/* Begin PBXBuildFile section */
		49177D1A28D5CD9C0022184B /* RxMoya in Frameworks */ = {isa = PBXBuildFile; productRef = 49177D1928D5CD9C0022184B /* RxMoya */; };
		494C9B2828C641CC0088A183 /* home.h in Headers */ = {isa = PBXBuildFile; fileRef = 494C9B2728C641CC0088A183 /* home.h */; settings = {ATTRIBUTES = (Public, ); }; };
		494C9B3928C642220088A183 /* SnapKit in Frameworks */ = {isa = PBXBuildFile; productRef = 494C9B3828C642220088A183 /* SnapKit */; };
		49DE78E328D5BFC2003B6521 /* Entity.swift in Sources */ = {isa = PBXBuildFile; fileRef = 49DE78E228D5BFC2003B6521 /* Entity.swift */; };
		49DE78E628D5C00E003B6521 /* WeatherAPI.swift in Sources */ = {isa = PBXBuildFile; fileRef = 49DE78E528D5C00E003B6521 /* WeatherAPI.swift */; };
		49DE78E828D5C02A003B6521 /* WeatherData.swift in Sources */ = {isa = PBXBuildFile; fileRef = 49DE78E728D5C02A003B6521 /* WeatherData.swift */; };
		49DE78EA28D5C041003B6521 /* WeatherService.swift in Sources */ = {isa = PBXBuildFile; fileRef = 49DE78E928D5C041003B6521 /* WeatherService.swift */; };
		49DE78ED28D5C3A0003B6521 /* RxCocoa in Frameworks */ = {isa = PBXBuildFile; productRef = 49DE78EC28D5C3A0003B6521 /* RxCocoa */; };
		49DE78F028D5C7F6003B6521 /* Moya in Frameworks */ = {isa = PBXBuildFile; productRef = 49DE78EF28D5C7F6003B6521 /* Moya */; };
		B929CA6628C645AF0075DECE /* HomeViewModel.swift in Sources */ = {isa = PBXBuildFile; fileRef = B929CA6328C645AF0075DECE /* HomeViewModel.swift */; };
		B929CA6728C645AF0075DECE /* WeatherViewController.swift in Sources */ = {isa = PBXBuildFile; fileRef = B929CA6428C645AF0075DECE /* WeatherViewController.swift */; };
		B929CA6828C645AF0075DECE /* HomeViewController.swift in Sources */ = {isa = PBXBuildFile; fileRef = B929CA6528C645AF0075DECE /* HomeViewController.swift */; };
		B929CA6B28C645C70075DECE /* common.framework in Frameworks */ = {isa = PBXBuildFile; fileRef = B929CA6A28C645C70075DECE /* common.framework */; };
		B929CA6C28C645C70075DECE /* common.framework in Embed Frameworks */ = {isa = PBXBuildFile; fileRef = B929CA6A28C645C70075DECE /* common.framework */; settings = {ATTRIBUTES = (CodeSignOnCopy, RemoveHeadersOnCopy, ); }; };
		B929CA6F28C64BCF0075DECE /* common_ui.framework in Frameworks */ = {isa = PBXBuildFile; fileRef = B929CA6E28C64BCF0075DECE /* common_ui.framework */; };
		B929CA7028C64BCF0075DECE /* common_ui.framework in Embed Frameworks */ = {isa = PBXBuildFile; fileRef = B929CA6E28C64BCF0075DECE /* common_ui.framework */; settings = {ATTRIBUTES = (CodeSignOnCopy, RemoveHeadersOnCopy, ); }; };
/* End PBXBuildFile section */

/* Begin PBXCopyFilesBuildPhase section */
		B929CA6D28C645C70075DECE /* Embed Frameworks */ = {
			isa = PBXCopyFilesBuildPhase;
			buildActionMask = 2147483647;
			dstPath = "";
			dstSubfolderSpec = 10;
			files = (
				B929CA6C28C645C70075DECE /* common.framework in Embed Frameworks */,
				B929CA7028C64BCF0075DECE /* common_ui.framework in Embed Frameworks */,
			);
			name = "Embed Frameworks";
			runOnlyForDeploymentPostprocessing = 0;
		};
/* End PBXCopyFilesBuildPhase section */

/* Begin PBXFileReference section */
		494C9B2428C641CC0088A183 /* home.framework */ = {isa = PBXFileReference; explicitFileType = wrapper.framework; includeInIndex = 0; path = home.framework; sourceTree = BUILT_PRODUCTS_DIR; };
		494C9B2728C641CC0088A183 /* home.h */ = {isa = PBXFileReference; lastKnownFileType = sourcecode.c.h; path = home.h; sourceTree = "<group>"; };
		49DE78E228D5BFC2003B6521 /* Entity.swift */ = {isa = PBXFileReference; lastKnownFileType = sourcecode.swift; path = Entity.swift; sourceTree = "<group>"; };
		49DE78E528D5C00E003B6521 /* WeatherAPI.swift */ = {isa = PBXFileReference; lastKnownFileType = sourcecode.swift; path = WeatherAPI.swift; sourceTree = "<group>"; };
		49DE78E728D5C02A003B6521 /* WeatherData.swift */ = {isa = PBXFileReference; lastKnownFileType = sourcecode.swift; path = WeatherData.swift; sourceTree = "<group>"; };
		49DE78E928D5C041003B6521 /* WeatherService.swift */ = {isa = PBXFileReference; lastKnownFileType = sourcecode.swift; path = WeatherService.swift; sourceTree = "<group>"; };
		B929CA6328C645AF0075DECE /* HomeViewModel.swift */ = {isa = PBXFileReference; fileEncoding = 4; lastKnownFileType = sourcecode.swift; path = HomeViewModel.swift; sourceTree = "<group>"; };
		B929CA6428C645AF0075DECE /* WeatherViewController.swift */ = {isa = PBXFileReference; fileEncoding = 4; lastKnownFileType = sourcecode.swift; path = WeatherViewController.swift; sourceTree = "<group>"; };
		B929CA6528C645AF0075DECE /* HomeViewController.swift */ = {isa = PBXFileReference; fileEncoding = 4; lastKnownFileType = sourcecode.swift; path = HomeViewController.swift; sourceTree = "<group>"; };
		B929CA6A28C645C70075DECE /* common.framework */ = {isa = PBXFileReference; explicitFileType = wrapper.framework; path = common.framework; sourceTree = BUILT_PRODUCTS_DIR; };
		B929CA6E28C64BCF0075DECE /* common_ui.framework */ = {isa = PBXFileReference; explicitFileType = wrapper.framework; path = common_ui.framework; sourceTree = BUILT_PRODUCTS_DIR; };
/* End PBXFileReference section */

/* Begin PBXFrameworksBuildPhase section */
		494C9B2128C641CC0088A183 /* Frameworks */ = {
			isa = PBXFrameworksBuildPhase;
			buildActionMask = 2147483647;
			files = (
				49177D1A28D5CD9C0022184B /* RxMoya in Frameworks */,
				494C9B3928C642220088A183 /* SnapKit in Frameworks */,
				B929CA6F28C64BCF0075DECE /* common_ui.framework in Frameworks */,
				49DE78ED28D5C3A0003B6521 /* RxCocoa in Frameworks */,
				49DE78F028D5C7F6003B6521 /* Moya in Frameworks */,
				B929CA6B28C645C70075DECE /* common.framework in Frameworks */,
			);
			runOnlyForDeploymentPostprocessing = 0;
		};
/* End PBXFrameworksBuildPhase section */

/* Begin PBXGroup section */
		494C9B1A28C641CC0088A183 = {
			isa = PBXGroup;
			children = (
				494C9B2628C641CC0088A183 /* home */,
				494C9B2528C641CC0088A183 /* Products */,
				B929CA6928C645C70075DECE /* Frameworks */,
			);
			sourceTree = "<group>";
		};
		494C9B2528C641CC0088A183 /* Products */ = {
			isa = PBXGroup;
			children = (
				494C9B2428C641CC0088A183 /* home.framework */,
			);
			name = Products;
			sourceTree = "<group>";
		};
		494C9B2628C641CC0088A183 /* home */ = {
			isa = PBXGroup;
			children = (
				49DE78DE28D5B9F1003B6521 /* view */,
				49DE78DF28D5B9F4003B6521 /* viewmodel */,
				49DE78DD28D5B9AB003B6521 /* domain */,
				494C9B2728C641CC0088A183 /* home.h */,
			);
			path = home;
			sourceTree = "<group>";
		};
		49DE78DD28D5B9AB003B6521 /* domain */ = {
			isa = PBXGroup;
			children = (
				49DE78E428D5BFFA003B6521 /* api */,
				49DE78E128D5BAFC003B6521 /* service */,
				49DE78E028D5BAEF003B6521 /* entity */,
			);
			path = domain;
			sourceTree = "<group>";
		};
		49DE78DE28D5B9F1003B6521 /* view */ = {
			isa = PBXGroup;
			children = (
				B929CA6528C645AF0075DECE /* HomeViewController.swift */,
				B929CA6428C645AF0075DECE /* WeatherViewController.swift */,
			);
			path = view;
			sourceTree = "<group>";
		};
		49DE78DF28D5B9F4003B6521 /* viewmodel */ = {
			isa = PBXGroup;
			children = (
				B929CA6328C645AF0075DECE /* HomeViewModel.swift */,
			);
			path = viewmodel;
			sourceTree = "<group>";
		};
		49DE78E028D5BAEF003B6521 /* entity */ = {
			isa = PBXGroup;
			children = (
				49DE78E228D5BFC2003B6521 /* Entity.swift */,
				49DE78E728D5C02A003B6521 /* WeatherData.swift */,
			);
			path = entity;
			sourceTree = "<group>";
		};
		49DE78E128D5BAFC003B6521 /* service */ = {
			isa = PBXGroup;
			children = (
				49DE78E928D5C041003B6521 /* WeatherService.swift */,
			);
			path = service;
			sourceTree = "<group>";
		};
		49DE78E428D5BFFA003B6521 /* api */ = {
			isa = PBXGroup;
			children = (
				49DE78E528D5C00E003B6521 /* WeatherAPI.swift */,
			);
			path = api;
			sourceTree = "<group>";
		};
		B929CA6928C645C70075DECE /* Frameworks */ = {
			isa = PBXGroup;
			children = (
				B929CA6E28C64BCF0075DECE /* common_ui.framework */,
				B929CA6A28C645C70075DECE /* common.framework */,
			);
			name = Frameworks;
			sourceTree = "<group>";
		};
/* End PBXGroup section */

/* Begin PBXHeadersBuildPhase section */
		494C9B1F28C641CC0088A183 /* Headers */ = {
			isa = PBXHeadersBuildPhase;
			buildActionMask = 2147483647;
			files = (
				494C9B2828C641CC0088A183 /* home.h in Headers */,
			);
			runOnlyForDeploymentPostprocessing = 0;
		};
/* End PBXHeadersBuildPhase section */

/* Begin PBXNativeTarget section */
		494C9B2328C641CC0088A183 /* home */ = {
			isa = PBXNativeTarget;
			buildConfigurationList = 494C9B2B28C641CC0088A183 /* Build configuration list for PBXNativeTarget "home" */;
			buildPhases = (
				494C9B1F28C641CC0088A183 /* Headers */,
				494C9B2028C641CC0088A183 /* Sources */,
				494C9B2128C641CC0088A183 /* Frameworks */,
				494C9B2228C641CC0088A183 /* Resources */,
				B929CA6D28C645C70075DECE /* Embed Frameworks */,
			);
			buildRules = (
			);
			dependencies = (
			);
			name = home;
			packageProductDependencies = (
				494C9B3828C642220088A183 /* SnapKit */,
				49DE78EC28D5C3A0003B6521 /* RxCocoa */,
				49DE78EF28D5C7F6003B6521 /* Moya */,
				49177D1928D5CD9C0022184B /* RxMoya */,
			);
			productName = home;
			productReference = 494C9B2428C641CC0088A183 /* home.framework */;
			productType = "com.apple.product-type.framework";
		};
/* End PBXNativeTarget section */

/* Begin PBXProject section */
		494C9B1B28C641CC0088A183 /* Project object */ = {
			isa = PBXProject;
			attributes = {
				BuildIndependentTargetsInParallel = 1;
				LastUpgradeCheck = 1340;
				TargetAttributes = {
					494C9B2328C641CC0088A183 = {
						CreatedOnToolsVersion = 13.4.1;
						LastSwiftMigration = 1340;
					};
				};
			};
			buildConfigurationList = 494C9B1E28C641CC0088A183 /* Build configuration list for PBXProject "home" */;
			compatibilityVersion = "Xcode 13.0";
			developmentRegion = en;
			hasScannedForEncodings = 0;
			knownRegions = (
				en,
				Base,
			);
			mainGroup = 494C9B1A28C641CC0088A183;
			packageReferences = (
				494C9B3728C642220088A183 /* XCRemoteSwiftPackageReference "SnapKit" */,
				49DE78EB28D5C3A0003B6521 /* XCRemoteSwiftPackageReference "RxSwift" */,
				49DE78EE28D5C7F6003B6521 /* XCRemoteSwiftPackageReference "Moya" */,
			);
			productRefGroup = 494C9B2528C641CC0088A183 /* Products */;
			projectDirPath = "";
			projectRoot = "";
			targets = (
				494C9B2328C641CC0088A183 /* home */,
			);
		};
/* End PBXProject section */

/* Begin PBXResourcesBuildPhase section */
		494C9B2228C641CC0088A183 /* Resources */ = {
			isa = PBXResourcesBuildPhase;
			buildActionMask = 2147483647;
			files = (
			);
			runOnlyForDeploymentPostprocessing = 0;
		};
/* End PBXResourcesBuildPhase section */

/* Begin PBXSourcesBuildPhase section */
		494C9B2028C641CC0088A183 /* Sources */ = {
			isa = PBXSourcesBuildPhase;
			buildActionMask = 2147483647;
			files = (
				49DE78E328D5BFC2003B6521 /* Entity.swift in Sources */,
				B929CA6628C645AF0075DECE /* HomeViewModel.swift in Sources */,
				49DE78E628D5C00E003B6521 /* WeatherAPI.swift in Sources */,
				B929CA6728C645AF0075DECE /* WeatherViewController.swift in Sources */,
				49DE78E828D5C02A003B6521 /* WeatherData.swift in Sources */,
				B929CA6828C645AF0075DECE /* HomeViewController.swift in Sources */,
				49DE78EA28D5C041003B6521 /* WeatherService.swift in Sources */,
			);
			runOnlyForDeploymentPostprocessing = 0;
		};
/* End PBXSourcesBuildPhase section */

/* Begin XCBuildConfiguration section */
		494C9B2928C641CC0088A183 /* Debug */ = {
			isa = XCBuildConfiguration;
			buildSettings = {
				ALWAYS_EMBED_SWIFT_STANDARD_LIBRARIES = NO;
				ALWAYS_SEARCH_USER_PATHS = NO;
				CLANG_ANALYZER_NONNULL = YES;
				CLANG_ANALYZER_NUMBER_OBJECT_CONVERSION = YES_AGGRESSIVE;
				CLANG_CXX_LANGUAGE_STANDARD = "gnu++17";
				CLANG_ENABLE_MODULES = YES;
				CLANG_ENABLE_OBJC_ARC = YES;
				CLANG_ENABLE_OBJC_WEAK = YES;
				CLANG_WARN_BLOCK_CAPTURE_AUTORELEASING = YES;
				CLANG_WARN_BOOL_CONVERSION = YES;
				CLANG_WARN_COMMA = YES;
				CLANG_WARN_CONSTANT_CONVERSION = YES;
				CLANG_WARN_DEPRECATED_OBJC_IMPLEMENTATIONS = YES;
				CLANG_WARN_DIRECT_OBJC_ISA_USAGE = YES_ERROR;
				CLANG_WARN_DOCUMENTATION_COMMENTS = YES;
				CLANG_WARN_EMPTY_BODY = YES;
				CLANG_WARN_ENUM_CONVERSION = YES;
				CLANG_WARN_INFINITE_RECURSION = YES;
				CLANG_WARN_INT_CONVERSION = YES;
				CLANG_WARN_NON_LITERAL_NULL_CONVERSION = YES;
				CLANG_WARN_OBJC_IMPLICIT_RETAIN_SELF = YES;
				CLANG_WARN_OBJC_LITERAL_CONVERSION = YES;
				CLANG_WARN_OBJC_ROOT_CLASS = YES_ERROR;
				CLANG_WARN_QUOTED_INCLUDE_IN_FRAMEWORK_HEADER = YES;
				CLANG_WARN_RANGE_LOOP_ANALYSIS = YES;
				CLANG_WARN_STRICT_PROTOTYPES = YES;
				CLANG_WARN_SUSPICIOUS_MOVE = YES;
				CLANG_WARN_UNGUARDED_AVAILABILITY = YES_AGGRESSIVE;
				CLANG_WARN_UNREACHABLE_CODE = YES;
				CLANG_WARN__DUPLICATE_METHOD_MATCH = YES;
				COPY_PHASE_STRIP = NO;
				CURRENT_PROJECT_VERSION = 1;
				DEBUG_INFORMATION_FORMAT = dwarf;
				ENABLE_STRICT_OBJC_MSGSEND = YES;
				ENABLE_TESTABILITY = YES;
				GCC_C_LANGUAGE_STANDARD = gnu11;
				GCC_DYNAMIC_NO_PIC = NO;
				GCC_NO_COMMON_BLOCKS = YES;
				GCC_OPTIMIZATION_LEVEL = 0;
				GCC_PREPROCESSOR_DEFINITIONS = (
					"DEBUG=1",
					"$(inherited)",
				);
				GCC_WARN_64_TO_32_BIT_CONVERSION = YES;
				GCC_WARN_ABOUT_RETURN_TYPE = YES_ERROR;
				GCC_WARN_UNDECLARED_SELECTOR = YES;
				GCC_WARN_UNINITIALIZED_AUTOS = YES_AGGRESSIVE;
				GCC_WARN_UNUSED_FUNCTION = YES;
				GCC_WARN_UNUSED_VARIABLE = YES;
				IPHONEOS_DEPLOYMENT_TARGET = 15.5;
				MTL_ENABLE_DEBUG_INFO = INCLUDE_SOURCE;
				MTL_FAST_MATH = YES;
				ONLY_ACTIVE_ARCH = YES;
				SDKROOT = iphoneos;
				SWIFT_ACTIVE_COMPILATION_CONDITIONS = DEBUG;
				SWIFT_OPTIMIZATION_LEVEL = "-Onone";
				VERSIONING_SYSTEM = "apple-generic";
				VERSION_INFO_PREFIX = "";
			};
			name = Debug;
		};
		494C9B2A28C641CC0088A183 /* Release */ = {
			isa = XCBuildConfiguration;
			buildSettings = {
				ALWAYS_EMBED_SWIFT_STANDARD_LIBRARIES = NO;
				ALWAYS_SEARCH_USER_PATHS = NO;
				CLANG_ANALYZER_NONNULL = YES;
				CLANG_ANALYZER_NUMBER_OBJECT_CONVERSION = YES_AGGRESSIVE;
				CLANG_CXX_LANGUAGE_STANDARD = "gnu++17";
				CLANG_ENABLE_MODULES = YES;
				CLANG_ENABLE_OBJC_ARC = YES;
				CLANG_ENABLE_OBJC_WEAK = YES;
				CLANG_WARN_BLOCK_CAPTURE_AUTORELEASING = YES;
				CLANG_WARN_BOOL_CONVERSION = YES;
				CLANG_WARN_COMMA = YES;
				CLANG_WARN_CONSTANT_CONVERSION = YES;
				CLANG_WARN_DEPRECATED_OBJC_IMPLEMENTATIONS = YES;
				CLANG_WARN_DIRECT_OBJC_ISA_USAGE = YES_ERROR;
				CLANG_WARN_DOCUMENTATION_COMMENTS = YES;
				CLANG_WARN_EMPTY_BODY = YES;
				CLANG_WARN_ENUM_CONVERSION = YES;
				CLANG_WARN_INFINITE_RECURSION = YES;
				CLANG_WARN_INT_CONVERSION = YES;
				CLANG_WARN_NON_LITERAL_NULL_CONVERSION = YES;
				CLANG_WARN_OBJC_IMPLICIT_RETAIN_SELF = YES;
				CLANG_WARN_OBJC_LITERAL_CONVERSION = YES;
				CLANG_WARN_OBJC_ROOT_CLASS = YES_ERROR;
				CLANG_WARN_QUOTED_INCLUDE_IN_FRAMEWORK_HEADER = YES;
				CLANG_WARN_RANGE_LOOP_ANALYSIS = YES;
				CLANG_WARN_STRICT_PROTOTYPES = YES;
				CLANG_WARN_SUSPICIOUS_MOVE = YES;
				CLANG_WARN_UNGUARDED_AVAILABILITY = YES_AGGRESSIVE;
				CLANG_WARN_UNREACHABLE_CODE = YES;
				CLANG_WARN__DUPLICATE_METHOD_MATCH = YES;
				COPY_PHASE_STRIP = NO;
				CURRENT_PROJECT_VERSION = 1;
				DEBUG_INFORMATION_FORMAT = "dwarf-with-dsym";
				ENABLE_NS_ASSERTIONS = NO;
				ENABLE_STRICT_OBJC_MSGSEND = YES;
				GCC_C_LANGUAGE_STANDARD = gnu11;
				GCC_NO_COMMON_BLOCKS = YES;
				GCC_WARN_64_TO_32_BIT_CONVERSION = YES;
				GCC_WARN_ABOUT_RETURN_TYPE = YES_ERROR;
				GCC_WARN_UNDECLARED_SELECTOR = YES;
				GCC_WARN_UNINITIALIZED_AUTOS = YES_AGGRESSIVE;
				GCC_WARN_UNUSED_FUNCTION = YES;
				GCC_WARN_UNUSED_VARIABLE = YES;
				IPHONEOS_DEPLOYMENT_TARGET = 15.5;
				MTL_ENABLE_DEBUG_INFO = NO;
				MTL_FAST_MATH = YES;
				SDKROOT = iphoneos;
				SWIFT_COMPILATION_MODE = wholemodule;
				SWIFT_OPTIMIZATION_LEVEL = "-O";
				VALIDATE_PRODUCT = YES;
				VERSIONING_SYSTEM = "apple-generic";
				VERSION_INFO_PREFIX = "";
			};
			name = Release;
		};
		494C9B2C28C641CC0088A183 /* Debug */ = {
			isa = XCBuildConfiguration;
			buildSettings = {
				CLANG_ENABLE_MODULES = YES;
				CODE_SIGN_STYLE = Automatic;
				CURRENT_PROJECT_VERSION = 1;
				DEFINES_MODULE = YES;
				DEVELOPMENT_TEAM = GR2P6HT7LF;
				DYLIB_COMPATIBILITY_VERSION = 1;
				DYLIB_CURRENT_VERSION = 1;
				DYLIB_INSTALL_NAME_BASE = "@rpath";
				GENERATE_INFOPLIST_FILE = YES;
				INFOPLIST_KEY_NSHumanReadableCopyright = "";
				INSTALL_PATH = "$(LOCAL_LIBRARY_DIR)/Frameworks";
				LD_RUNPATH_SEARCH_PATHS = (
					"$(inherited)",
					"@executable_path/Frameworks",
					"@loader_path/Frameworks",
				);
				MARKETING_VERSION = 1.0;
				PRODUCT_BUNDLE_IDENTIFIER = com.heyksw.home;
				PRODUCT_NAME = "$(TARGET_NAME:c99extidentifier)";
				SKIP_INSTALL = YES;
				SWIFT_EMIT_LOC_STRINGS = YES;
				SWIFT_OPTIMIZATION_LEVEL = "-Onone";
				SWIFT_VERSION = 5.0;
				TARGETED_DEVICE_FAMILY = "1,2";
			};
			name = Debug;
		};
		494C9B2D28C641CC0088A183 /* Release */ = {
			isa = XCBuildConfiguration;
			buildSettings = {
				CLANG_ENABLE_MODULES = YES;
				CODE_SIGN_STYLE = Automatic;
				CURRENT_PROJECT_VERSION = 1;
				DEFINES_MODULE = YES;
				DEVELOPMENT_TEAM = GR2P6HT7LF;
				DYLIB_COMPATIBILITY_VERSION = 1;
				DYLIB_CURRENT_VERSION = 1;
				DYLIB_INSTALL_NAME_BASE = "@rpath";
				GENERATE_INFOPLIST_FILE = YES;
				INFOPLIST_KEY_NSHumanReadableCopyright = "";
				INSTALL_PATH = "$(LOCAL_LIBRARY_DIR)/Frameworks";
				LD_RUNPATH_SEARCH_PATHS = (
					"$(inherited)",
					"@executable_path/Frameworks",
					"@loader_path/Frameworks",
				);
				MARKETING_VERSION = 1.0;
				PRODUCT_BUNDLE_IDENTIFIER = com.heyksw.home;
				PRODUCT_NAME = "$(TARGET_NAME:c99extidentifier)";
				SKIP_INSTALL = YES;
				SWIFT_EMIT_LOC_STRINGS = YES;
				SWIFT_VERSION = 5.0;
				TARGETED_DEVICE_FAMILY = "1,2";
			};
			name = Release;
		};
/* End XCBuildConfiguration section */

/* Begin XCConfigurationList section */
		494C9B1E28C641CC0088A183 /* Build configuration list for PBXProject "home" */ = {
			isa = XCConfigurationList;
			buildConfigurations = (
				494C9B2928C641CC0088A183 /* Debug */,
				494C9B2A28C641CC0088A183 /* Release */,
			);
			defaultConfigurationIsVisible = 0;
			defaultConfigurationName = Release;
		};
		494C9B2B28C641CC0088A183 /* Build configuration list for PBXNativeTarget "home" */ = {
			isa = XCConfigurationList;
			buildConfigurations = (
				494C9B2C28C641CC0088A183 /* Debug */,
				494C9B2D28C641CC0088A183 /* Release */,
			);
			defaultConfigurationIsVisible = 0;
			defaultConfigurationName = Release;
		};
/* End XCConfigurationList section */

/* Begin XCRemoteSwiftPackageReference section */
		494C9B3728C642220088A183 /* XCRemoteSwiftPackageReference "SnapKit" */ = {
			isa = XCRemoteSwiftPackageReference;
			repositoryURL = "https://github.com/SnapKit/SnapKit.git";
			requirement = {
				branch = develop;
				kind = branch;
			};
		};
		49DE78EB28D5C3A0003B6521 /* XCRemoteSwiftPackageReference "RxSwift" */ = {
			isa = XCRemoteSwiftPackageReference;
			repositoryURL = "https://github.com/ReactiveX/RxSwift.git";
			requirement = {
				branch = main;
				kind = branch;
			};
		};
		49DE78EE28D5C7F6003B6521 /* XCRemoteSwiftPackageReference "Moya" */ = {
			isa = XCRemoteSwiftPackageReference;
			repositoryURL = "https://github.com/Moya/Moya";
			requirement = {
				branch = master;
				kind = branch;
			};
		};
/* End XCRemoteSwiftPackageReference section */

/* Begin XCSwiftPackageProductDependency section */
		49177D1928D5CD9C0022184B /* RxMoya */ = {
			isa = XCSwiftPackageProductDependency;
			package = 49DE78EE28D5C7F6003B6521 /* XCRemoteSwiftPackageReference "Moya" */;
			productName = RxMoya;
		};
		494C9B3828C642220088A183 /* SnapKit */ = {
			isa = XCSwiftPackageProductDependency;
			package = 494C9B3728C642220088A183 /* XCRemoteSwiftPackageReference "SnapKit" */;
			productName = SnapKit;
		};
		49DE78EC28D5C3A0003B6521 /* RxCocoa */ = {
			isa = XCSwiftPackageProductDependency;
			package = 49DE78EB28D5C3A0003B6521 /* XCRemoteSwiftPackageReference "RxSwift" */;
			productName = RxCocoa;
		};
		49DE78EF28D5C7F6003B6521 /* Moya */ = {
			isa = XCSwiftPackageProductDependency;
			package = 49DE78EE28D5C7F6003B6521 /* XCRemoteSwiftPackageReference "Moya" */;
			productName = Moya;
		};
/* End XCSwiftPackageProductDependency section */
	};
	rootObject = 494C9B1B28C641CC0088A183 /* Project object */;
}
