// !$*UTF8*$!
{
	archiveVersion = 1;
	classes = {
	};
	objectVersion = 55;
	objects = {

/* Begin PBXBuildFile section */
		490CD68628C5FA620029A4B8 /* common.h in Headers */ = {isa = PBXBuildFile; fileRef = 490CD68528C5FA620029A4B8 /* common.h */; settings = {ATTRIBUTES = (Public, ); }; };
		493A104028E2A46E00FF0DCB /* ForcastWeatherDTO+Mapping.swift in Sources */ = {isa = PBXBuildFile; fileRef = 493A103F28E2A46E00FF0DCB /* ForcastWeatherDTO+Mapping.swift */; };
		493A104228E2B6B200FF0DCB /* CurrentWeatherDTO+Mapping.swift in Sources */ = {isa = PBXBuildFile; fileRef = 493A104128E2B6B200FF0DCB /* CurrentWeatherDTO+Mapping.swift */; };
		493A104728E2C1AC00FF0DCB /* DateParser.swift in Sources */ = {isa = PBXBuildFile; fileRef = 493A104628E2C1AC00FF0DCB /* DateParser.swift */; };
		493A104928E2C57D00FF0DCB /* WeatherParser.swift in Sources */ = {isa = PBXBuildFile; fileRef = 493A104828E2C57D00FF0DCB /* WeatherParser.swift */; };
		493A105828E3FA8000FF0DCB /* CALayer+Extension.swift in Sources */ = {isa = PBXBuildFile; fileRef = 493A105728E3FA8000FF0DCB /* CALayer+Extension.swift */; };
		49B87B1728E0711100A91335 /* WeatherRepository.swift in Sources */ = {isa = PBXBuildFile; fileRef = 49B87B1628E0711100A91335 /* WeatherRepository.swift */; };
		49B87B1928E0712800A91335 /* WeatherAPI.swift in Sources */ = {isa = PBXBuildFile; fileRef = 49B87B1828E0712800A91335 /* WeatherAPI.swift */; };
		49B87B1D28E0718C00A91335 /* WeatherRepositoryProtocol.swift in Sources */ = {isa = PBXBuildFile; fileRef = 49B87B1C28E0718C00A91335 /* WeatherRepositoryProtocol.swift */; };
		49B87B1F28E0724700A91335 /* WeatherUseCaseProtocol.swift in Sources */ = {isa = PBXBuildFile; fileRef = 49B87B1E28E0724700A91335 /* WeatherUseCaseProtocol.swift */; };
		49B87B2228E0728100A91335 /* WeatherData.swift in Sources */ = {isa = PBXBuildFile; fileRef = 49B87B2128E0728100A91335 /* WeatherData.swift */; };
		49B87B2428E0729100A91335 /* CurrentWeather.swift in Sources */ = {isa = PBXBuildFile; fileRef = 49B87B2328E0729100A91335 /* CurrentWeather.swift */; };
		49B87B2628E072A000A91335 /* ForecastWeather.swift in Sources */ = {isa = PBXBuildFile; fileRef = 49B87B2528E072A000A91335 /* ForecastWeather.swift */; };
		49B87B2928E072B400A91335 /* GetCurrentWeatherUseCase.swift in Sources */ = {isa = PBXBuildFile; fileRef = 49B87B2828E072B400A91335 /* GetCurrentWeatherUseCase.swift */; };
		49B87B2B28E072BF00A91335 /* GetForcastWeatherUseCase.swift in Sources */ = {isa = PBXBuildFile; fileRef = 49B87B2A28E072BF00A91335 /* GetForcastWeatherUseCase.swift */; };
		49B87B3528E0747700A91335 /* RxCocoa in Frameworks */ = {isa = PBXBuildFile; productRef = 49B87B3428E0747700A91335 /* RxCocoa */; };
		49B87B3728E0747700A91335 /* RxSwift in Frameworks */ = {isa = PBXBuildFile; productRef = 49B87B3628E0747700A91335 /* RxSwift */; };
		49B87B6528E1490300A91335 /* Alamofire in Frameworks */ = {isa = PBXBuildFile; productRef = 49B87B6428E1490300A91335 /* Alamofire */; };
		49B87B6928E1491300A91335 /* RxMoya in Frameworks */ = {isa = PBXBuildFile; productRef = 49B87B6828E1491300A91335 /* RxMoya */; };
		B93B79CD28D7299D004D903C /* TemperatureConverter.swift in Sources */ = {isa = PBXBuildFile; fileRef = B93B79CC28D7299D004D903C /* TemperatureConverter.swift */; };
		B93B79E828DC2383004D903C /* UserDefaultsManager.swift in Sources */ = {isa = PBXBuildFile; fileRef = B93B79E728DC2383004D903C /* UserDefaultsManager.swift */; };
/* End PBXBuildFile section */

/* Begin PBXFileReference section */
		490CD68228C5FA620029A4B8 /* common.framework */ = {isa = PBXFileReference; explicitFileType = wrapper.framework; includeInIndex = 0; path = common.framework; sourceTree = BUILT_PRODUCTS_DIR; };
		490CD68528C5FA620029A4B8 /* common.h */ = {isa = PBXFileReference; lastKnownFileType = sourcecode.c.h; path = common.h; sourceTree = "<group>"; };
		493A103F28E2A46E00FF0DCB /* ForcastWeatherDTO+Mapping.swift */ = {isa = PBXFileReference; lastKnownFileType = sourcecode.swift; path = "ForcastWeatherDTO+Mapping.swift"; sourceTree = "<group>"; };
		493A104128E2B6B200FF0DCB /* CurrentWeatherDTO+Mapping.swift */ = {isa = PBXFileReference; lastKnownFileType = sourcecode.swift; path = "CurrentWeatherDTO+Mapping.swift"; sourceTree = "<group>"; };
		493A104628E2C1AC00FF0DCB /* DateParser.swift */ = {isa = PBXFileReference; lastKnownFileType = sourcecode.swift; path = DateParser.swift; sourceTree = "<group>"; };
		493A104828E2C57D00FF0DCB /* WeatherParser.swift */ = {isa = PBXFileReference; lastKnownFileType = sourcecode.swift; path = WeatherParser.swift; sourceTree = "<group>"; };
		493A105728E3FA8000FF0DCB /* CALayer+Extension.swift */ = {isa = PBXFileReference; lastKnownFileType = sourcecode.swift; path = "CALayer+Extension.swift"; sourceTree = "<group>"; };
		49B87B1628E0711100A91335 /* WeatherRepository.swift */ = {isa = PBXFileReference; lastKnownFileType = sourcecode.swift; path = WeatherRepository.swift; sourceTree = "<group>"; };
		49B87B1828E0712800A91335 /* WeatherAPI.swift */ = {isa = PBXFileReference; lastKnownFileType = sourcecode.swift; path = WeatherAPI.swift; sourceTree = "<group>"; };
		49B87B1C28E0718C00A91335 /* WeatherRepositoryProtocol.swift */ = {isa = PBXFileReference; lastKnownFileType = sourcecode.swift; path = WeatherRepositoryProtocol.swift; sourceTree = "<group>"; };
		49B87B1E28E0724700A91335 /* WeatherUseCaseProtocol.swift */ = {isa = PBXFileReference; lastKnownFileType = sourcecode.swift; path = WeatherUseCaseProtocol.swift; sourceTree = "<group>"; };
		49B87B2128E0728100A91335 /* WeatherData.swift */ = {isa = PBXFileReference; lastKnownFileType = sourcecode.swift; path = WeatherData.swift; sourceTree = "<group>"; };
		49B87B2328E0729100A91335 /* CurrentWeather.swift */ = {isa = PBXFileReference; lastKnownFileType = sourcecode.swift; path = CurrentWeather.swift; sourceTree = "<group>"; };
		49B87B2528E072A000A91335 /* ForecastWeather.swift */ = {isa = PBXFileReference; lastKnownFileType = sourcecode.swift; path = ForecastWeather.swift; sourceTree = "<group>"; };
		49B87B2828E072B400A91335 /* GetCurrentWeatherUseCase.swift */ = {isa = PBXFileReference; lastKnownFileType = sourcecode.swift; path = GetCurrentWeatherUseCase.swift; sourceTree = "<group>"; };
		49B87B2A28E072BF00A91335 /* GetForcastWeatherUseCase.swift */ = {isa = PBXFileReference; lastKnownFileType = sourcecode.swift; path = GetForcastWeatherUseCase.swift; sourceTree = "<group>"; };
		B93B79CC28D7299D004D903C /* TemperatureConverter.swift */ = {isa = PBXFileReference; lastKnownFileType = sourcecode.swift; path = TemperatureConverter.swift; sourceTree = "<group>"; };
		B93B79E728DC2383004D903C /* UserDefaultsManager.swift */ = {isa = PBXFileReference; lastKnownFileType = sourcecode.swift; path = UserDefaultsManager.swift; sourceTree = "<group>"; };
/* End PBXFileReference section */

/* Begin PBXFrameworksBuildPhase section */
		490CD67F28C5FA620029A4B8 /* Frameworks */ = {
			isa = PBXFrameworksBuildPhase;
			buildActionMask = 2147483647;
			files = (
				49B87B6528E1490300A91335 /* Alamofire in Frameworks */,
				49B87B3728E0747700A91335 /* RxSwift in Frameworks */,
				49B87B6928E1491300A91335 /* RxMoya in Frameworks */,
				49B87B3528E0747700A91335 /* RxCocoa in Frameworks */,
			);
			runOnlyForDeploymentPostprocessing = 0;
		};
/* End PBXFrameworksBuildPhase section */

/* Begin PBXGroup section */
		490CD67828C5FA620029A4B8 = {
			isa = PBXGroup;
			children = (
				490CD68428C5FA620029A4B8 /* common */,
				490CD68328C5FA620029A4B8 /* Products */,
				B929CA5B28C623090075DECE /* Frameworks */,
			);
			sourceTree = "<group>";
		};
		490CD68328C5FA620029A4B8 /* Products */ = {
			isa = PBXGroup;
			children = (
				490CD68228C5FA620029A4B8 /* common.framework */,
			);
			name = Products;
			sourceTree = "<group>";
		};
		490CD68428C5FA620029A4B8 /* common */ = {
			isa = PBXGroup;
			children = (
				49B87B1A28E0717800A91335 /* domain */,
				49B87B1328E070E100A91335 /* data */,
				493A104328E2BC7F00FF0DCB /* util */,
				490CD68528C5FA620029A4B8 /* common.h */,
			);
			path = common;
			sourceTree = "<group>";
		};
		493A103E28E2A43D00FF0DCB /* data-mapping */ = {
			isa = PBXGroup;
			children = (
				493A103F28E2A46E00FF0DCB /* ForcastWeatherDTO+Mapping.swift */,
				493A104128E2B6B200FF0DCB /* CurrentWeatherDTO+Mapping.swift */,
			);
			path = "data-mapping";
			sourceTree = "<group>";
		};
		493A104328E2BC7F00FF0DCB /* util */ = {
			isa = PBXGroup;
			children = (
				B93B79CC28D7299D004D903C /* TemperatureConverter.swift */,
				B93B79E728DC2383004D903C /* UserDefaultsManager.swift */,
				493A104628E2C1AC00FF0DCB /* DateParser.swift */,
				493A104828E2C57D00FF0DCB /* WeatherParser.swift */,
				493A105728E3FA8000FF0DCB /* CALayer+Extension.swift */,
			);
			path = util;
			sourceTree = "<group>";
		};
		49B87B1328E070E100A91335 /* data */ = {
			isa = PBXGroup;
			children = (
				493A103E28E2A43D00FF0DCB /* data-mapping */,
				49B87B1528E0710000A91335 /* network */,
				49B87B1428E070FB00A91335 /* repository */,
			);
			path = data;
			sourceTree = "<group>";
		};
		49B87B1428E070FB00A91335 /* repository */ = {
			isa = PBXGroup;
			children = (
				49B87B1628E0711100A91335 /* WeatherRepository.swift */,
			);
			path = repository;
			sourceTree = "<group>";
		};
		49B87B1528E0710000A91335 /* network */ = {
			isa = PBXGroup;
			children = (
				49B87B1828E0712800A91335 /* WeatherAPI.swift */,
			);
			path = network;
			sourceTree = "<group>";
		};
		49B87B1A28E0717800A91335 /* domain */ = {
			isa = PBXGroup;
			children = (
				49B87B2028E0725500A91335 /* entity */,
				49B87B2728E072A700A91335 /* usecase */,
				49B87B1B28E0717E00A91335 /* interface */,
			);
			path = domain;
			sourceTree = "<group>";
		};
		49B87B1B28E0717E00A91335 /* interface */ = {
			isa = PBXGroup;
			children = (
				49B87B1C28E0718C00A91335 /* WeatherRepositoryProtocol.swift */,
				49B87B1E28E0724700A91335 /* WeatherUseCaseProtocol.swift */,
			);
			path = interface;
			sourceTree = "<group>";
		};
		49B87B2028E0725500A91335 /* entity */ = {
			isa = PBXGroup;
			children = (
				49B87B2128E0728100A91335 /* WeatherData.swift */,
				49B87B2328E0729100A91335 /* CurrentWeather.swift */,
				49B87B2528E072A000A91335 /* ForecastWeather.swift */,
			);
			path = entity;
			sourceTree = "<group>";
		};
		49B87B2728E072A700A91335 /* usecase */ = {
			isa = PBXGroup;
			children = (
				49B87B2828E072B400A91335 /* GetCurrentWeatherUseCase.swift */,
				49B87B2A28E072BF00A91335 /* GetForcastWeatherUseCase.swift */,
			);
			path = usecase;
			sourceTree = "<group>";
		};
		B929CA5B28C623090075DECE /* Frameworks */ = {
			isa = PBXGroup;
			children = (
			);
			name = Frameworks;
			sourceTree = "<group>";
		};
/* End PBXGroup section */

/* Begin PBXHeadersBuildPhase section */
		490CD67D28C5FA620029A4B8 /* Headers */ = {
			isa = PBXHeadersBuildPhase;
			buildActionMask = 2147483647;
			files = (
				490CD68628C5FA620029A4B8 /* common.h in Headers */,
			);
			runOnlyForDeploymentPostprocessing = 0;
		};
/* End PBXHeadersBuildPhase section */

/* Begin PBXNativeTarget section */
		490CD68128C5FA620029A4B8 /* common */ = {
			isa = PBXNativeTarget;
			buildConfigurationList = 490CD68928C5FA620029A4B8 /* Build configuration list for PBXNativeTarget "common" */;
			buildPhases = (
				490CD67D28C5FA620029A4B8 /* Headers */,
				490CD67E28C5FA620029A4B8 /* Sources */,
				490CD67F28C5FA620029A4B8 /* Frameworks */,
				490CD68028C5FA620029A4B8 /* Resources */,
			);
			buildRules = (
			);
			dependencies = (
			);
			name = common;
			packageProductDependencies = (
				49B87B3428E0747700A91335 /* RxCocoa */,
				49B87B3628E0747700A91335 /* RxSwift */,
				49B87B6428E1490300A91335 /* Alamofire */,
				49B87B6828E1491300A91335 /* RxMoya */,
			);
			productName = common;
			productReference = 490CD68228C5FA620029A4B8 /* common.framework */;
			productType = "com.apple.product-type.framework";
		};
/* End PBXNativeTarget section */

/* Begin PBXProject section */
		490CD67928C5FA620029A4B8 /* Project object */ = {
			isa = PBXProject;
			attributes = {
				BuildIndependentTargetsInParallel = 1;
				LastUpgradeCheck = 1340;
				TargetAttributes = {
					490CD68128C5FA620029A4B8 = {
						CreatedOnToolsVersion = 13.4.1;
						LastSwiftMigration = 1340;
					};
				};
			};
			buildConfigurationList = 490CD67C28C5FA620029A4B8 /* Build configuration list for PBXProject "common" */;
			compatibilityVersion = "Xcode 13.0";
			developmentRegion = en;
			hasScannedForEncodings = 0;
			knownRegions = (
				en,
				Base,
			);
			mainGroup = 490CD67828C5FA620029A4B8;
			packageReferences = (
				B929CA5828C620B30075DECE /* XCRemoteSwiftPackageReference "Moya" */,
				B950BBCD28D5D9B60038B40E /* XCRemoteSwiftPackageReference "Alamofire" */,
				49B87B3328E0747700A91335 /* XCRemoteSwiftPackageReference "RxSwift" */,
				49B87B4928E1483300A91335 /* XCRemoteSwiftPackageReference "Moya" */,
				49B87B4E28E1486E00A91335 /* XCRemoteSwiftPackageReference "Alamofire" */,
				49B87B5128E1488600A91335 /* XCRemoteSwiftPackageReference "Moya" */,
				49B87B5628E148B200A91335 /* XCRemoteSwiftPackageReference "Moya" */,
				49B87B5F28E148ED00A91335 /* XCRemoteSwiftPackageReference "Moya" */,
			);
			productRefGroup = 490CD68328C5FA620029A4B8 /* Products */;
			projectDirPath = "";
			projectRoot = "";
			targets = (
				490CD68128C5FA620029A4B8 /* common */,
			);
		};
/* End PBXProject section */

/* Begin PBXResourcesBuildPhase section */
		490CD68028C5FA620029A4B8 /* Resources */ = {
			isa = PBXResourcesBuildPhase;
			buildActionMask = 2147483647;
			files = (
			);
			runOnlyForDeploymentPostprocessing = 0;
		};
/* End PBXResourcesBuildPhase section */

/* Begin PBXSourcesBuildPhase section */
		490CD67E28C5FA620029A4B8 /* Sources */ = {
			isa = PBXSourcesBuildPhase;
			buildActionMask = 2147483647;
			files = (
				493A104728E2C1AC00FF0DCB /* DateParser.swift in Sources */,
				49B87B1728E0711100A91335 /* WeatherRepository.swift in Sources */,
				49B87B2428E0729100A91335 /* CurrentWeather.swift in Sources */,
				493A104028E2A46E00FF0DCB /* ForcastWeatherDTO+Mapping.swift in Sources */,
				49B87B2B28E072BF00A91335 /* GetForcastWeatherUseCase.swift in Sources */,
				49B87B1928E0712800A91335 /* WeatherAPI.swift in Sources */,
				49B87B2628E072A000A91335 /* ForecastWeather.swift in Sources */,
				49B87B1D28E0718C00A91335 /* WeatherRepositoryProtocol.swift in Sources */,
				B93B79E828DC2383004D903C /* UserDefaultsManager.swift in Sources */,
				49B87B2228E0728100A91335 /* WeatherData.swift in Sources */,
				493A104928E2C57D00FF0DCB /* WeatherParser.swift in Sources */,
				493A105828E3FA8000FF0DCB /* CALayer+Extension.swift in Sources */,
				49B87B2928E072B400A91335 /* GetCurrentWeatherUseCase.swift in Sources */,
				B93B79CD28D7299D004D903C /* TemperatureConverter.swift in Sources */,
				49B87B1F28E0724700A91335 /* WeatherUseCaseProtocol.swift in Sources */,
				493A104228E2B6B200FF0DCB /* CurrentWeatherDTO+Mapping.swift in Sources */,
			);
			runOnlyForDeploymentPostprocessing = 0;
		};
/* End PBXSourcesBuildPhase section */

/* Begin XCBuildConfiguration section */
		490CD68728C5FA620029A4B8 /* Debug */ = {
			isa = XCBuildConfiguration;
			buildSettings = {
				ALWAYS_SEARCH_USER_PATHS = NO;
				CLANG_ANALYZER_NONNULL = YES;
				CLANG_ANALYZER_NUMBER_OBJECT_CONVERSION = YES_AGGRESSIVE;
				CLANG_CXX_LANGUAGE_STANDARD = "gnu++17";
				CLANG_ENABLE_MODULES = YES;
				CLANG_ENABLE_OBJC_ARC = YES;
				CLANG_ENABLE_OBJC_WEAK = YES;
				CLANG_WARN_BLOCK_CAPTURE_AUTORELEASING = YES;
				CLANG_WARN_BOOL_CONVERSION = YES;
				CLANG_WARN_COMMA = YES;
				CLANG_WARN_CONSTANT_CONVERSION = YES;
				CLANG_WARN_DEPRECATED_OBJC_IMPLEMENTATIONS = YES;
				CLANG_WARN_DIRECT_OBJC_ISA_USAGE = YES_ERROR;
				CLANG_WARN_DOCUMENTATION_COMMENTS = YES;
				CLANG_WARN_EMPTY_BODY = YES;
				CLANG_WARN_ENUM_CONVERSION = YES;
				CLANG_WARN_INFINITE_RECURSION = YES;
				CLANG_WARN_INT_CONVERSION = YES;
				CLANG_WARN_NON_LITERAL_NULL_CONVERSION = YES;
				CLANG_WARN_OBJC_IMPLICIT_RETAIN_SELF = YES;
				CLANG_WARN_OBJC_LITERAL_CONVERSION = YES;
				CLANG_WARN_OBJC_ROOT_CLASS = YES_ERROR;
				CLANG_WARN_QUOTED_INCLUDE_IN_FRAMEWORK_HEADER = YES;
				CLANG_WARN_RANGE_LOOP_ANALYSIS = YES;
				CLANG_WARN_STRICT_PROTOTYPES = YES;
				CLANG_WARN_SUSPICIOUS_MOVE = YES;
				CLANG_WARN_UNGUARDED_AVAILABILITY = YES_AGGRESSIVE;
				CLANG_WARN_UNREACHABLE_CODE = YES;
				CLANG_WARN__DUPLICATE_METHOD_MATCH = YES;
				COPY_PHASE_STRIP = NO;
				CURRENT_PROJECT_VERSION = 1;
				DEBUG_INFORMATION_FORMAT = dwarf;
				ENABLE_STRICT_OBJC_MSGSEND = YES;
				ENABLE_TESTABILITY = YES;
				GCC_C_LANGUAGE_STANDARD = gnu11;
				GCC_DYNAMIC_NO_PIC = NO;
				GCC_NO_COMMON_BLOCKS = YES;
				GCC_OPTIMIZATION_LEVEL = 0;
				GCC_PREPROCESSOR_DEFINITIONS = (
					"DEBUG=1",
					"$(inherited)",
				);
				GCC_WARN_64_TO_32_BIT_CONVERSION = YES;
				GCC_WARN_ABOUT_RETURN_TYPE = YES_ERROR;
				GCC_WARN_UNDECLARED_SELECTOR = YES;
				GCC_WARN_UNINITIALIZED_AUTOS = YES_AGGRESSIVE;
				GCC_WARN_UNUSED_FUNCTION = YES;
				GCC_WARN_UNUSED_VARIABLE = YES;
				IPHONEOS_DEPLOYMENT_TARGET = 15.5;
				MTL_ENABLE_DEBUG_INFO = INCLUDE_SOURCE;
				MTL_FAST_MATH = YES;
				ONLY_ACTIVE_ARCH = YES;
				SDKROOT = iphoneos;
				SWIFT_ACTIVE_COMPILATION_CONDITIONS = DEBUG;
				SWIFT_OPTIMIZATION_LEVEL = "-Onone";
				VERSIONING_SYSTEM = "apple-generic";
				VERSION_INFO_PREFIX = "";
			};
			name = Debug;
		};
		490CD68828C5FA620029A4B8 /* Release */ = {
			isa = XCBuildConfiguration;
			buildSettings = {
				ALWAYS_SEARCH_USER_PATHS = NO;
				CLANG_ANALYZER_NONNULL = YES;
				CLANG_ANALYZER_NUMBER_OBJECT_CONVERSION = YES_AGGRESSIVE;
				CLANG_CXX_LANGUAGE_STANDARD = "gnu++17";
				CLANG_ENABLE_MODULES = YES;
				CLANG_ENABLE_OBJC_ARC = YES;
				CLANG_ENABLE_OBJC_WEAK = YES;
				CLANG_WARN_BLOCK_CAPTURE_AUTORELEASING = YES;
				CLANG_WARN_BOOL_CONVERSION = YES;
				CLANG_WARN_COMMA = YES;
				CLANG_WARN_CONSTANT_CONVERSION = YES;
				CLANG_WARN_DEPRECATED_OBJC_IMPLEMENTATIONS = YES;
				CLANG_WARN_DIRECT_OBJC_ISA_USAGE = YES_ERROR;
				CLANG_WARN_DOCUMENTATION_COMMENTS = YES;
				CLANG_WARN_EMPTY_BODY = YES;
				CLANG_WARN_ENUM_CONVERSION = YES;
				CLANG_WARN_INFINITE_RECURSION = YES;
				CLANG_WARN_INT_CONVERSION = YES;
				CLANG_WARN_NON_LITERAL_NULL_CONVERSION = YES;
				CLANG_WARN_OBJC_IMPLICIT_RETAIN_SELF = YES;
				CLANG_WARN_OBJC_LITERAL_CONVERSION = YES;
				CLANG_WARN_OBJC_ROOT_CLASS = YES_ERROR;
				CLANG_WARN_QUOTED_INCLUDE_IN_FRAMEWORK_HEADER = YES;
				CLANG_WARN_RANGE_LOOP_ANALYSIS = YES;
				CLANG_WARN_STRICT_PROTOTYPES = YES;
				CLANG_WARN_SUSPICIOUS_MOVE = YES;
				CLANG_WARN_UNGUARDED_AVAILABILITY = YES_AGGRESSIVE;
				CLANG_WARN_UNREACHABLE_CODE = YES;
				CLANG_WARN__DUPLICATE_METHOD_MATCH = YES;
				COPY_PHASE_STRIP = NO;
				CURRENT_PROJECT_VERSION = 1;
				DEBUG_INFORMATION_FORMAT = "dwarf-with-dsym";
				ENABLE_NS_ASSERTIONS = NO;
				ENABLE_STRICT_OBJC_MSGSEND = YES;
				GCC_C_LANGUAGE_STANDARD = gnu11;
				GCC_NO_COMMON_BLOCKS = YES;
				GCC_WARN_64_TO_32_BIT_CONVERSION = YES;
				GCC_WARN_ABOUT_RETURN_TYPE = YES_ERROR;
				GCC_WARN_UNDECLARED_SELECTOR = YES;
				GCC_WARN_UNINITIALIZED_AUTOS = YES_AGGRESSIVE;
				GCC_WARN_UNUSED_FUNCTION = YES;
				GCC_WARN_UNUSED_VARIABLE = YES;
				IPHONEOS_DEPLOYMENT_TARGET = 15.5;
				MTL_ENABLE_DEBUG_INFO = NO;
				MTL_FAST_MATH = YES;
				SDKROOT = iphoneos;
				SWIFT_COMPILATION_MODE = wholemodule;
				SWIFT_OPTIMIZATION_LEVEL = "-O";
				VALIDATE_PRODUCT = YES;
				VERSIONING_SYSTEM = "apple-generic";
				VERSION_INFO_PREFIX = "";
			};
			name = Release;
		};
		490CD68A28C5FA620029A4B8 /* Debug */ = {
			isa = XCBuildConfiguration;
			buildSettings = {
				CLANG_ENABLE_MODULES = YES;
				CODE_SIGN_STYLE = Automatic;
				CURRENT_PROJECT_VERSION = 1;
				DEFINES_MODULE = YES;
				DEVELOPMENT_TEAM = GR2P6HT7LF;
				DYLIB_COMPATIBILITY_VERSION = 1;
				DYLIB_CURRENT_VERSION = 1;
				DYLIB_INSTALL_NAME_BASE = "@rpath";
				GENERATE_INFOPLIST_FILE = YES;
				INFOPLIST_KEY_NSHumanReadableCopyright = "";
				INSTALL_PATH = "$(LOCAL_LIBRARY_DIR)/Frameworks";
				LD_RUNPATH_SEARCH_PATHS = (
					"$(inherited)",
					"@executable_path/Frameworks",
					"@loader_path/Frameworks",
				);
				MARKETING_VERSION = 1.0;
				PRODUCT_BUNDLE_IDENTIFIER = com.heyksw.common;
				PRODUCT_NAME = "$(TARGET_NAME:c99extidentifier)";
				SKIP_INSTALL = YES;
				SWIFT_EMIT_LOC_STRINGS = YES;
				SWIFT_OPTIMIZATION_LEVEL = "-Onone";
				SWIFT_VERSION = 5.0;
				TARGETED_DEVICE_FAMILY = "1,2";
			};
			name = Debug;
		};
		490CD68B28C5FA620029A4B8 /* Release */ = {
			isa = XCBuildConfiguration;
			buildSettings = {
				CLANG_ENABLE_MODULES = YES;
				CODE_SIGN_STYLE = Automatic;
				CURRENT_PROJECT_VERSION = 1;
				DEFINES_MODULE = YES;
				DEVELOPMENT_TEAM = GR2P6HT7LF;
				DYLIB_COMPATIBILITY_VERSION = 1;
				DYLIB_CURRENT_VERSION = 1;
				DYLIB_INSTALL_NAME_BASE = "@rpath";
				GENERATE_INFOPLIST_FILE = YES;
				INFOPLIST_KEY_NSHumanReadableCopyright = "";
				INSTALL_PATH = "$(LOCAL_LIBRARY_DIR)/Frameworks";
				LD_RUNPATH_SEARCH_PATHS = (
					"$(inherited)",
					"@executable_path/Frameworks",
					"@loader_path/Frameworks",
				);
				MARKETING_VERSION = 1.0;
				PRODUCT_BUNDLE_IDENTIFIER = com.heyksw.common;
				PRODUCT_NAME = "$(TARGET_NAME:c99extidentifier)";
				SKIP_INSTALL = YES;
				SWIFT_EMIT_LOC_STRINGS = YES;
				SWIFT_VERSION = 5.0;
				TARGETED_DEVICE_FAMILY = "1,2";
			};
			name = Release;
		};
/* End XCBuildConfiguration section */

/* Begin XCConfigurationList section */
		490CD67C28C5FA620029A4B8 /* Build configuration list for PBXProject "common" */ = {
			isa = XCConfigurationList;
			buildConfigurations = (
				490CD68728C5FA620029A4B8 /* Debug */,
				490CD68828C5FA620029A4B8 /* Release */,
			);
			defaultConfigurationIsVisible = 0;
			defaultConfigurationName = Release;
		};
		490CD68928C5FA620029A4B8 /* Build configuration list for PBXNativeTarget "common" */ = {
			isa = XCConfigurationList;
			buildConfigurations = (
				490CD68A28C5FA620029A4B8 /* Debug */,
				490CD68B28C5FA620029A4B8 /* Release */,
			);
			defaultConfigurationIsVisible = 0;
			defaultConfigurationName = Release;
		};
/* End XCConfigurationList section */

/* Begin XCRemoteSwiftPackageReference section */
		49B87B3328E0747700A91335 /* XCRemoteSwiftPackageReference "RxSwift" */ = {
			isa = XCRemoteSwiftPackageReference;
			repositoryURL = "https://github.com/ReactiveX/RxSwift.git";
			requirement = {
				branch = main;
				kind = branch;
			};
		};
		49B87B4928E1483300A91335 /* XCRemoteSwiftPackageReference "Moya" */ = {
			isa = XCRemoteSwiftPackageReference;
			repositoryURL = "https://github.com/Moya/Moya";
			requirement = {
				branch = master;
				kind = branch;
			};
		};
		49B87B4E28E1486E00A91335 /* XCRemoteSwiftPackageReference "Alamofire" */ = {
			isa = XCRemoteSwiftPackageReference;
			repositoryURL = "https://github.com/Alamofire/Alamofire.git";
			requirement = {
				branch = master;
				kind = branch;
			};
		};
		49B87B5128E1488600A91335 /* XCRemoteSwiftPackageReference "Moya" */ = {
			isa = XCRemoteSwiftPackageReference;
			repositoryURL = "https://github.com/Moya/Moya";
			requirement = {
				branch = master;
				kind = branch;
			};
		};
		49B87B5628E148B200A91335 /* XCRemoteSwiftPackageReference "Moya" */ = {
			isa = XCRemoteSwiftPackageReference;
			repositoryURL = "https://github.com/Moya/Moya";
			requirement = {
				branch = master;
				kind = branch;
			};
		};
		49B87B5F28E148ED00A91335 /* XCRemoteSwiftPackageReference "Moya" */ = {
			isa = XCRemoteSwiftPackageReference;
			repositoryURL = "https://github.com/Moya/Moya";
			requirement = {
				kind = upToNextMajorVersion;
				minimumVersion = 9.0.0;
			};
		};
		B929CA5828C620B30075DECE /* XCRemoteSwiftPackageReference "Moya" */ = {
			isa = XCRemoteSwiftPackageReference;
			repositoryURL = "https://github.com/Moya/Moya.git";
			requirement = {
				branch = master;
				kind = branch;
			};
		};
		B950BBCD28D5D9B60038B40E /* XCRemoteSwiftPackageReference "Alamofire" */ = {
			isa = XCRemoteSwiftPackageReference;
			repositoryURL = "https://github.com/Alamofire/Alamofire.git";
			requirement = {
				branch = master;
				kind = branch;
			};
		};
/* End XCRemoteSwiftPackageReference section */

/* Begin XCSwiftPackageProductDependency section */
		49B87B3428E0747700A91335 /* RxCocoa */ = {
			isa = XCSwiftPackageProductDependency;
			package = 49B87B3328E0747700A91335 /* XCRemoteSwiftPackageReference "RxSwift" */;
			productName = RxCocoa;
		};
		49B87B3628E0747700A91335 /* RxSwift */ = {
			isa = XCSwiftPackageProductDependency;
			package = 49B87B3328E0747700A91335 /* XCRemoteSwiftPackageReference "RxSwift" */;
			productName = RxSwift;
		};
		49B87B6428E1490300A91335 /* Alamofire */ = {
			isa = XCSwiftPackageProductDependency;
			package = B950BBCD28D5D9B60038B40E /* XCRemoteSwiftPackageReference "Alamofire" */;
			productName = Alamofire;
		};
		49B87B6828E1491300A91335 /* RxMoya */ = {
			isa = XCSwiftPackageProductDependency;
			package = B929CA5828C620B30075DECE /* XCRemoteSwiftPackageReference "Moya" */;
			productName = RxMoya;
		};
/* End XCSwiftPackageProductDependency section */
	};
	rootObject = 490CD67928C5FA620029A4B8 /* Project object */;
}
